
Microsoft Visual Studio Solution File, Format Version 12.00
# Visual Studio Version 17
VisualStudioVersion = 17.14.36401.2 d17.14
MinimumVisualStudioVersion = 10.0.40219.1
Project("{FAE04EC0-301F-11D3-BF4B-00C04F79EFBC}") = "PhilClipHelper", "PhilClipHelper\PhilClipHelper.csproj", "{33739845-0ADE-44E8-B40F-0CFADBCC4E5C}"
EndProject
Global
	GlobalSection(SolutionConfigurationPlatforms) = preSolution
		Debug|Any CPU = Debug|Any CPU
		Release|Any CPU = Release|Any CPU
	EndGlobalSection
	GlobalSection(ProjectConfigurationPlatforms) = postSolution
		{33739845-0ADE-44E8-B40F-0CFADBCC4E5C}.Debug|Any CPU.ActiveCfg = Debug|Any CPU
		{33739845-0ADE-44E8-B40F-0CFADBCC4E5C}.Debug|Any CPU.Build.0 = Debug|Any CPU
		{33739845-0ADE-44E8-B40F-0CFADBCC4E5C}.Release|Any CPU.ActiveCfg = Release|Any CPU
		{33739845-0ADE-44E8-B40F-0CFADBCC4E5C}.Release|Any CPU.Build.0 = Release|Any CPU
	EndGlobalSection
	GlobalSection(SolutionProperties) = preSolution
		HideSolutionNode = FALSE
	EndGlobalSection
	GlobalSection(ExtensibilityGlobals) = postSolution
		SolutionGuid = {7025322E-CE2F-4955-A02B-26D7C99B90E3}
	EndGlobalSection
EndGlobal
